
Microsoft Visual Studio Solution File, Format Version 12.00
# Visual Studio Version 17
VisualStudioVersion = 17.2.32630.192
MinimumVisualStudioVersion = 10.0.40219.1
Project("{FAE04EC0-301F-11D3-BF4B-00C04F79EFBC}") = "HelloWorld", "HelloWorld\HelloWorld.csproj", "{EAC5F245-C9DC-4D2E-B744-7451770FF2EA}"
EndProject
Global
	GlobalSection(SolutionConfigurationPlatforms) = preSolution
		Debug|Any CPU = Debug|Any CPU
		Release|Any CPU = Release|Any CPU
	EndGlobalSection
	GlobalSection(ProjectConfigurationPlatforms) = postSolution
		{EAC5F245-C9DC-4D2E-B744-7451770FF2EA}.Debug|Any CPU.ActiveCfg = Debug|Any CPU
		{EAC5F245-C9DC-4D2E-B744-7451770FF2EA}.Debug|Any CPU.Build.0 = Debug|Any CPU
		{EAC5F245-C9DC-4D2E-B744-7451770FF2EA}.Release|Any CPU.ActiveCfg = Release|Any CPU
		{EAC5F245-C9DC-4D2E-B744-7451770FF2EA}.Release|Any CPU.Build.0 = Release|Any CPU
	EndGlobalSection
	GlobalSection(SolutionProperties) = preSolution
		HideSolutionNode = FALSE
	EndGlobalSection
	GlobalSection(ExtensibilityGlobals) = postSolution
		SolutionGuid = {339DD08D-F235-4825-AAF0-E75E2DA0274F}
	EndGlobalSection
EndGlobal
